
Microsoft Visual Studio Solution File, Format Version 12.00
# Visual Studio Version 16
VisualStudioVersion = 16.0.30011.22
MinimumVisualStudioVersion = 10.0.40219.1
Project("{FAE04EC0-301F-11D3-BF4B-00C04F79EFBC}") = "Account", "Account.csproj", "{893A3644-8971-4B0F-8806-63565E02E4DC}"
EndProject
Global
	GlobalSection(SolutionConfigurationPlatforms) = preSolution
		Debug|Any CPU = Debug|Any CPU
		Release|Any CPU = Release|Any CPU
	EndGlobalSection
	GlobalSection(ProjectConfigurationPlatforms) = postSolution
		{893A3644-8971-4B0F-8806-63565E02E4DC}.Debug|Any CPU.ActiveCfg = Debug|Any CPU
		{893A3644-8971-4B0F-8806-63565E02E4DC}.Debug|Any CPU.Build.0 = Debug|Any CPU
		{893A3644-8971-4B0F-8806-63565E02E4DC}.Release|Any CPU.ActiveCfg = Release|Any CPU
		{893A3644-8971-4B0F-8806-63565E02E4DC}.Release|Any CPU.Build.0 = Release|Any CPU
	EndGlobalSection
	GlobalSection(SolutionProperties) = preSolution
		HideSolutionNode = FALSE
	EndGlobalSection
	GlobalSection(ExtensibilityGlobals) = postSolution
		SolutionGuid = {2ED70BFD-9D41-4396-8F2B-1B11BD57E0A7}
	EndGlobalSection
EndGlobal
